
Microsoft Visual Studio Solution File, Format Version 12.00
# Visual Studio Version 16
VisualStudioVersion = 16.0.31911.196
MinimumVisualStudioVersion = 10.0.40219.1
Project("{FAE04EC0-301F-11D3-BF4B-00C04F79EFBC}") = "Assignment6", "Assignment6\Assignment6.csproj", "{F37AE451-3498-4932-87CC-196F70FDB447}"
EndProject
Global
	GlobalSection(SolutionConfigurationPlatforms) = preSolution
		Debug|Any CPU = Debug|Any CPU
		Release|Any CPU = Release|Any CPU
	EndGlobalSection
	GlobalSection(ProjectConfigurationPlatforms) = postSolution
		{F37AE451-3498-4932-87CC-196F70FDB447}.Debug|Any CPU.ActiveCfg = Debug|Any CPU
		{F37AE451-3498-4932-87CC-196F70FDB447}.Debug|Any CPU.Build.0 = Debug|Any CPU
		{F37AE451-3498-4932-87CC-196F70FDB447}.Release|Any CPU.ActiveCfg = Release|Any CPU
		{F37AE451-3498-4932-87CC-196F70FDB447}.Release|Any CPU.Build.0 = Release|Any CPU
	EndGlobalSection
	GlobalSection(SolutionProperties) = preSolution
		HideSolutionNode = FALSE
	EndGlobalSection
	GlobalSection(ExtensibilityGlobals) = postSolution
		SolutionGuid = {68949E8B-18EC-404D-94B2-7F6FF3BFB44F}
	EndGlobalSection
EndGlobal
